
Microsoft Visual Studio Solution File, Format Version 12.00
# Visual Studio Version 16
VisualStudioVersion = 16.0.30907.101
MinimumVisualStudioVersion = 10.0.40219.1
Project("{8BC9CEB8-8B4A-11D0-8D11-00A0C91BC942}") = "cppcalljs", "cppcalljs\cppcalljs.vcxproj", "{0587E312-61E3-403E-A90D-C5F9BCE0566A}"
EndProject
Global
	GlobalSection(SolutionConfigurationPlatforms) = preSolution
		Release|x64 = Release|x64
	EndGlobalSection
	GlobalSection(ProjectConfigurationPlatforms) = postSolution
		{0587E312-61E3-403E-A90D-C5F9BCE0566A}.Release|x64.ActiveCfg = Release|x64
		{0587E312-61E3-403E-A90D-C5F9BCE0566A}.Release|x64.Build.0 = Release|x64
	EndGlobalSection
	GlobalSection(SolutionProperties) = preSolution
		HideSolutionNode = FALSE
	EndGlobalSection
	GlobalSection(ExtensibilityGlobals) = postSolution
		SolutionGuid = {C4637981-0FB4-4397-AD1A-C7B6E921D0A6}
	EndGlobalSection
EndGlobal
