
Microsoft Visual Studio Solution File, Format Version 12.00
# Visual Studio Version 16
VisualStudioVersion = 16.0.30204.135
MinimumVisualStudioVersion = 10.0.40219.1
Project("{8BC9CEB8-8B4A-11D0-8D11-00A0C91BC942}") = "inja_file_trim", "inja_file_trim.vcxproj", "{921564D3-AC47-4345-BC0B-C9798C9E5831}"
EndProject
Global
	GlobalSection(SolutionConfigurationPlatforms) = preSolution
		Debug|x64 = Debug|x64
		Release|x64 = Release|x64
	EndGlobalSection
	GlobalSection(ProjectConfigurationPlatforms) = postSolution
		{921564D3-AC47-4345-BC0B-C9798C9E5831}.Debug|x64.ActiveCfg = Debug|x64
		{921564D3-AC47-4345-BC0B-C9798C9E5831}.Debug|x64.Build.0 = Debug|x64
		{921564D3-AC47-4345-BC0B-C9798C9E5831}.Release|x64.ActiveCfg = Release|x64
		{921564D3-AC47-4345-BC0B-C9798C9E5831}.Release|x64.Build.0 = Release|x64
	EndGlobalSection
	GlobalSection(SolutionProperties) = preSolution
		HideSolutionNode = FALSE
	EndGlobalSection
	GlobalSection(ExtensibilityGlobals) = postSolution
		SolutionGuid = {1D9E4E5C-78BB-42BA-AB86-97917F037237}
	EndGlobalSection
EndGlobal
